
Microsoft Visual Studio Solution File, Format Version 12.00
# Visual Studio Version 17
VisualStudioVersion = 17.8.34309.116
MinimumVisualStudioVersion = 10.0.40219.1
Project("{9A19103F-16F7-4668-BE54-9A1E7A4F7556}") = "NiceToDev.CommandLine", "NiceToDev.CommandLine\NiceToDev.CommandLine.csproj", "{C0FDD204-9380-43E8-A7AA-1532B2AE3047}"
EndProject
Project("{FAE04EC0-301F-11D3-BF4B-00C04F79EFBC}") = "NiceToDev.CommandLine.Tester", "NiceToDev.CommandLine.Tester\NiceToDev.CommandLine.Tester.csproj", "{E7A342AD-CACF-4A31-805A-C1E10E494EF3}"
EndProject
Global
	GlobalSection(SolutionConfigurationPlatforms) = preSolution
		Debug|Any CPU = Debug|Any CPU
		Release|Any CPU = Release|Any CPU
	EndGlobalSection
	GlobalSection(ProjectConfigurationPlatforms) = postSolution
		{C0FDD204-9380-43E8-A7AA-1532B2AE3047}.Debug|Any CPU.ActiveCfg = Debug|Any CPU
		{C0FDD204-9380-43E8-A7AA-1532B2AE3047}.Debug|Any CPU.Build.0 = Debug|Any CPU
		{C0FDD204-9380-43E8-A7AA-1532B2AE3047}.Release|Any CPU.ActiveCfg = Release|Any CPU
		{C0FDD204-9380-43E8-A7AA-1532B2AE3047}.Release|Any CPU.Build.0 = Release|Any CPU
		{E7A342AD-CACF-4A31-805A-C1E10E494EF3}.Debug|Any CPU.ActiveCfg = Debug|Any CPU
		{E7A342AD-CACF-4A31-805A-C1E10E494EF3}.Debug|Any CPU.Build.0 = Debug|Any CPU
		{E7A342AD-CACF-4A31-805A-C1E10E494EF3}.Release|Any CPU.ActiveCfg = Release|Any CPU
		{E7A342AD-CACF-4A31-805A-C1E10E494EF3}.Release|Any CPU.Build.0 = Release|Any CPU
	EndGlobalSection
	GlobalSection(SolutionProperties) = preSolution
		HideSolutionNode = FALSE
	EndGlobalSection
	GlobalSection(ExtensibilityGlobals) = postSolution
		SolutionGuid = {64014C22-5C4D-46D7-8B6E-4BD94A2816C5}
	EndGlobalSection
EndGlobal
