
Microsoft Visual Studio Solution File, Format Version 12.00
# Visual Studio Version 17
VisualStudioVersion = 17.8.34309.116
MinimumVisualStudioVersion = 10.0.40219.1
Project("{FAE04EC0-301F-11D3-BF4B-00C04F79EFBC}") = "SmartERP.CommonTools", "SmartERP.CommonTools\SmartERP.CommonTools.csproj", "{12A1B439-8076-4FEF-84C4-AEAA51B8880E}"
EndProject
Global
	GlobalSection(SolutionConfigurationPlatforms) = preSolution
		Debug|Any CPU = Debug|Any CPU
		Release|Any CPU = Release|Any CPU
	EndGlobalSection
	GlobalSection(ProjectConfigurationPlatforms) = postSolution
		{12A1B439-8076-4FEF-84C4-AEAA51B8880E}.Debug|Any CPU.ActiveCfg = Debug|Any CPU
		{12A1B439-8076-4FEF-84C4-AEAA51B8880E}.Debug|Any CPU.Build.0 = Debug|Any CPU
		{12A1B439-8076-4FEF-84C4-AEAA51B8880E}.Release|Any CPU.ActiveCfg = Release|Any CPU
		{12A1B439-8076-4FEF-84C4-AEAA51B8880E}.Release|Any CPU.Build.0 = Release|Any CPU
	EndGlobalSection
	GlobalSection(SolutionProperties) = preSolution
		HideSolutionNode = FALSE
	EndGlobalSection
	GlobalSection(ExtensibilityGlobals) = postSolution
		SolutionGuid = {00BBC686-2F62-4D23-BF90-124F7D280D07}
	EndGlobalSection
EndGlobal
