
Microsoft Visual Studio Solution File, Format Version 12.00
# Visual Studio Version 17
VisualStudioVersion = 17.10.35013.160
MinimumVisualStudioVersion = 10.0.40219.1
Project("{9A19103F-16F7-4668-BE54-9A1E7A4F7556}") = "SmartERP.Development.Application.Avalonia", "SmartERP.Development.Application.Avalonia\SmartERP.Development.Application.Avalonia.csproj", "{2D5CBD80-9790-4D9F-906C-471AE57E7145}"
EndProject
Project("{9A19103F-16F7-4668-BE54-9A1E7A4F7556}") = "SmartERP.Development.Database", "SmartERP.Development.Database\SmartERP.Development.Database.csproj", "{BAD6EE14-4DEE-4CE8-B581-C6C067B41DCF}"
EndProject
Project("{9A19103F-16F7-4668-BE54-9A1E7A4F7556}") = "SmartERP.Development.Domain", "SmartERP.Development.Domain\SmartERP.Development.Domain.csproj", "{7F2CD687-7B18-4D5C-B747-4A8825C9E7D2}"
EndProject
Project("{9A19103F-16F7-4668-BE54-9A1E7A4F7556}") = "SmartERP.Development.Infrastructure", "SmartERP.Development.Infrastructure\SmartERP.Development.Infrastructure.csproj", "{EC666628-0297-4EBA-B6B0-89F41D31BD75}"
EndProject
Global
	GlobalSection(SolutionConfigurationPlatforms) = preSolution
		Debug|Any CPU = Debug|Any CPU
		Release|Any CPU = Release|Any CPU
	EndGlobalSection
	GlobalSection(ProjectConfigurationPlatforms) = postSolution
		{2D5CBD80-9790-4D9F-906C-471AE57E7145}.Debug|Any CPU.ActiveCfg = Debug|Any CPU
		{2D5CBD80-9790-4D9F-906C-471AE57E7145}.Debug|Any CPU.Build.0 = Debug|Any CPU
		{2D5CBD80-9790-4D9F-906C-471AE57E7145}.Release|Any CPU.ActiveCfg = Release|Any CPU
		{2D5CBD80-9790-4D9F-906C-471AE57E7145}.Release|Any CPU.Build.0 = Release|Any CPU
		{BAD6EE14-4DEE-4CE8-B581-C6C067B41DCF}.Debug|Any CPU.ActiveCfg = Debug|Any CPU
		{BAD6EE14-4DEE-4CE8-B581-C6C067B41DCF}.Debug|Any CPU.Build.0 = Debug|Any CPU
		{BAD6EE14-4DEE-4CE8-B581-C6C067B41DCF}.Release|Any CPU.ActiveCfg = Release|Any CPU
		{BAD6EE14-4DEE-4CE8-B581-C6C067B41DCF}.Release|Any CPU.Build.0 = Release|Any CPU
		{7F2CD687-7B18-4D5C-B747-4A8825C9E7D2}.Debug|Any CPU.ActiveCfg = Debug|Any CPU
		{7F2CD687-7B18-4D5C-B747-4A8825C9E7D2}.Debug|Any CPU.Build.0 = Debug|Any CPU
		{7F2CD687-7B18-4D5C-B747-4A8825C9E7D2}.Release|Any CPU.ActiveCfg = Release|Any CPU
		{7F2CD687-7B18-4D5C-B747-4A8825C9E7D2}.Release|Any CPU.Build.0 = Release|Any CPU
		{EC666628-0297-4EBA-B6B0-89F41D31BD75}.Debug|Any CPU.ActiveCfg = Debug|Any CPU
		{EC666628-0297-4EBA-B6B0-89F41D31BD75}.Debug|Any CPU.Build.0 = Debug|Any CPU
		{EC666628-0297-4EBA-B6B0-89F41D31BD75}.Release|Any CPU.ActiveCfg = Release|Any CPU
		{EC666628-0297-4EBA-B6B0-89F41D31BD75}.Release|Any CPU.Build.0 = Release|Any CPU
	EndGlobalSection
	GlobalSection(SolutionProperties) = preSolution
		HideSolutionNode = FALSE
	EndGlobalSection
	GlobalSection(ExtensibilityGlobals) = postSolution
		SolutionGuid = {E35FF679-9C43-4BC8-8AC1-F5F31996CCD1}
	EndGlobalSection
EndGlobal
